// !$*UTF8*$!
{
	archiveVersion = 1;
	classes = {
	};
	objectVersion = 50;
	objects = {

/* Begin PBXBuildFile section */
		9F66E743E4508E67A73F6BE5 /* Pods_FlurrySwiftTest.framework in Frameworks */ = {isa = PBXBuildFile; fileRef = 83078F6467759DD891A49C66 /* Pods_FlurrySwiftTest.framework */; };
		BC051D1C232AE65C00FA3FDB /* AppDelegate.swift in Sources */ = {isa = PBXBuildFile; fileRef = BC051D1B232AE65C00FA3FDB /* AppDelegate.swift */; };
		BC051D1E232AE65C00FA3FDB /* SceneDelegate.swift in Sources */ = {isa = PBXBuildFile; fileRef = BC051D1D232AE65C00FA3FDB /* SceneDelegate.swift */; };
		BC051D20232AE65C00FA3FDB /* ViewController.swift in Sources */ = {isa = PBXBuildFile; fileRef = BC051D1F232AE65C00FA3FDB /* ViewController.swift */; };
		BC051D23232AE65C00FA3FDB /* Main.storyboard in Resources */ = {isa = PBXBuildFile; fileRef = BC051D21232AE65C00FA3FDB /* Main.storyboard */; };
		BC051D25232AE65E00FA3FDB /* Assets.xcassets in Resources */ = {isa = PBXBuildFile; fileRef = BC051D24232AE65E00FA3FDB /* Assets.xcassets */; };
		BC051D28232AE65E00FA3FDB /* LaunchScreen.storyboard in Resources */ = {isa = PBXBuildFile; fileRef = BC051D26232AE65E00FA3FDB /* LaunchScreen.storyboard */; };
/* End PBXBuildFile section */

/* Begin PBXFileReference section */
		33ADD7E5E5C226C71AEAF86D /* Pods-FlurrySwiftTest.debug.xcconfig */ = {isa = PBXFileReference; includeInIndex = 1; lastKnownFileType = text.xcconfig; name = "Pods-FlurrySwiftTest.debug.xcconfig"; path = "Target Support Files/Pods-FlurrySwiftTest/Pods-FlurrySwiftTest.debug.xcconfig"; sourceTree = "<group>"; };
		83078F6467759DD891A49C66 /* Pods_FlurrySwiftTest.framework */ = {isa = PBXFileReference; explicitFileType = wrapper.framework; includeInIndex = 0; path = Pods_FlurrySwiftTest.framework; sourceTree = BUILT_PRODUCTS_DIR; };
		BC051D18232AE65C00FA3FDB /* FlurrySwiftTest.app */ = {isa = PBXFileReference; explicitFileType = wrapper.application; includeInIndex = 0; path = FlurrySwiftTest.app; sourceTree = BUILT_PRODUCTS_DIR; };
		BC051D1B232AE65C00FA3FDB /* AppDelegate.swift */ = {isa = PBXFileReference; lastKnownFileType = sourcecode.swift; path = AppDelegate.swift; sourceTree = "<group>"; };
		BC051D1D232AE65C00FA3FDB /* SceneDelegate.swift */ = {isa = PBXFileReference; lastKnownFileType = sourcecode.swift; path = SceneDelegate.swift; sourceTree = "<group>"; };
		BC051D1F232AE65C00FA3FDB /* ViewController.swift */ = {isa = PBXFileReference; lastKnownFileType = sourcecode.swift; path = ViewController.swift; sourceTree = "<group>"; };
		BC051D22232AE65C00FA3FDB /* Base */ = {isa = PBXFileReference; lastKnownFileType = file.storyboard; name = Base; path = Base.lproj/Main.storyboard; sourceTree = "<group>"; };
		BC051D24232AE65E00FA3FDB /* Assets.xcassets */ = {isa = PBXFileReference; lastKnownFileType = folder.assetcatalog; path = Assets.xcassets; sourceTree = "<group>"; };
		BC051D27232AE65E00FA3FDB /* Base */ = {isa = PBXFileReference; lastKnownFileType = file.storyboard; name = Base; path = Base.lproj/LaunchScreen.storyboard; sourceTree = "<group>"; };
		BC051D29232AE65E00FA3FDB /* Info.plist */ = {isa = PBXFileReference; lastKnownFileType = text.plist.xml; path = Info.plist; sourceTree = "<group>"; };
		F6ED3E42399C3DF73B63FA96 /* Pods-FlurrySwiftTest.release.xcconfig */ = {isa = PBXFileReference; includeInIndex = 1; lastKnownFileType = text.xcconfig; name = "Pods-FlurrySwiftTest.release.xcconfig"; path = "Target Support Files/Pods-FlurrySwiftTest/Pods-FlurrySwiftTest.release.xcconfig"; sourceTree = "<group>"; };
/* End PBXFileReference section */

/* Begin PBXFrameworksBuildPhase section */
		BC051D15232AE65C00FA3FDB /* Frameworks */ = {
			isa = PBXFrameworksBuildPhase;
			buildActionMask = 2147483647;
			files = (
				9F66E743E4508E67A73F6BE5 /* Pods_FlurrySwiftTest.framework in Frameworks */,
			);
			runOnlyForDeploymentPostprocessing = 0;
		};
/* End PBXFrameworksBuildPhase section */

/* Begin PBXGroup section */
		84F0FEFA2C66C67542519ADC /* Pods */ = {
			isa = PBXGroup;
			children = (
				33ADD7E5E5C226C71AEAF86D /* Pods-FlurrySwiftTest.debug.xcconfig */,
				F6ED3E42399C3DF73B63FA96 /* Pods-FlurrySwiftTest.release.xcconfig */,
			);
			name = Pods;
			path = Pods;
			sourceTree = "<group>";
		};
		A9B879E344B36EDA4BB86285 /* Frameworks */ = {
			isa = PBXGroup;
			children = (
				83078F6467759DD891A49C66 /* Pods_FlurrySwiftTest.framework */,
			);
			name = Frameworks;
			sourceTree = "<group>";
		};
		BC051D0F232AE65C00FA3FDB = {
			isa = PBXGroup;
			children = (
				BC051D1A232AE65C00FA3FDB /* FlurrySwiftTest */,
				BC051D19232AE65C00FA3FDB /* Products */,
				84F0FEFA2C66C67542519ADC /* Pods */,
				A9B879E344B36EDA4BB86285 /* Frameworks */,
			);
			sourceTree = "<group>";
		};
		BC051D19232AE65C00FA3FDB /* Products */ = {
			isa = PBXGroup;
			children = (
				BC051D18232AE65C00FA3FDB /* FlurrySwiftTest.app */,
			);
			name = Products;
			sourceTree = "<group>";
		};
		BC051D1A232AE65C00FA3FDB /* FlurrySwiftTest */ = {
			isa = PBXGroup;
			children = (
				BC051D1B232AE65C00FA3FDB /* AppDelegate.swift */,
				BC051D1D232AE65C00FA3FDB /* SceneDelegate.swift */,
				BC051D1F232AE65C00FA3FDB /* ViewController.swift */,
				BC051D21232AE65C00FA3FDB /* Main.storyboard */,
				BC051D24232AE65E00FA3FDB /* Assets.xcassets */,
				BC051D26232AE65E00FA3FDB /* LaunchScreen.storyboard */,
				BC051D29232AE65E00FA3FDB /* Info.plist */,
			);
			path = FlurrySwiftTest;
			sourceTree = "<group>";
		};
/* End PBXGroup section */

/* Begin PBXNativeTarget section */
		BC051D17232AE65C00FA3FDB /* FlurrySwiftTest */ = {
			isa = PBXNativeTarget;
			buildConfigurationList = BC051D2C232AE65E00FA3FDB /* Build configuration list for PBXNativeTarget "FlurrySwiftTest" */;
			buildPhases = (
				F4BC59864DC3520245026C9C /* [CP] Check Pods Manifest.lock */,
				BC051D14232AE65C00FA3FDB /* Sources */,
				BC051D15232AE65C00FA3FDB /* Frameworks */,
				BC051D16232AE65C00FA3FDB /* Resources */,
				A465731A2818527D6372006C /* [CP] Embed Pods Frameworks */,
			);
			buildRules = (
			);
			dependencies = (
			);
			name = FlurrySwiftTest;
			productName = FlurrySwiftTest;
			productReference = BC051D18232AE65C00FA3FDB /* FlurrySwiftTest.app */;
			productType = "com.apple.product-type.application";
		};
/* End PBXNativeTarget section */

/* Begin PBXProject section */
		BC051D10232AE65C00FA3FDB /* Project object */ = {
			isa = PBXProject;
			attributes = {
				LastSwiftUpdateCheck = 1100;
				LastUpgradeCheck = 1100;
				ORGANIZATIONNAME = Flurry;
				TargetAttributes = {
					BC051D17232AE65C00FA3FDB = {
						CreatedOnToolsVersion = 11.0;
					};
				};
			};
			buildConfigurationList = BC051D13232AE65C00FA3FDB /* Build configuration list for PBXProject "FlurrySwiftTest" */;
			compatibilityVersion = "Xcode 9.3";
			developmentRegion = en;
			hasScannedForEncodings = 0;
			knownRegions = (
				en,
				Base,
			);
			mainGroup = BC051D0F232AE65C00FA3FDB;
			productRefGroup = BC051D19232AE65C00FA3FDB /* Products */;
			projectDirPath = "";
			projectRoot = "";
			targets = (
				BC051D17232AE65C00FA3FDB /* FlurrySwiftTest */,
			);
		};
/* End PBXProject section */

/* Begin PBXResourcesBuildPhase section */
		BC051D16232AE65C00FA3FDB /* Resources */ = {
			isa = PBXResourcesBuildPhase;
			buildActionMask = 2147483647;
			files = (
				BC051D28232AE65E00FA3FDB /* LaunchScreen.storyboard in Resources */,
				BC051D25232AE65E00FA3FDB /* Assets.xcassets in Resources */,
				BC051D23232AE65C00FA3FDB /* Main.storyboard in Resources */,
			);
			runOnlyForDeploymentPostprocessing = 0;
		};
/* End PBXResourcesBuildPhase section */

/* Begin PBXShellScriptBuildPhase section */
		A465731A2818527D6372006C /* [CP] Embed Pods Frameworks */ = {
			isa = PBXShellScriptBuildPhase;
			buildActionMask = 2147483647;
			files = (
			);
			inputFileListPaths = (
				"${PODS_ROOT}/Target Support Files/Pods-FlurrySwiftTest/Pods-FlurrySwiftTest-frameworks-${CONFIGURATION}-input-files.xcfilelist",
			);
			name = "[CP] Embed Pods Frameworks";
			outputFileListPaths = (
				"${PODS_ROOT}/Target Support Files/Pods-FlurrySwiftTest/Pods-FlurrySwiftTest-frameworks-${CONFIGURATION}-output-files.xcfilelist",
			);
			runOnlyForDeploymentPostprocessing = 0;
			shellPath = /bin/sh;
			shellScript = "\"${PODS_ROOT}/Target Support Files/Pods-FlurrySwiftTest/Pods-FlurrySwiftTest-frameworks.sh\"\n";
			showEnvVarsInLog = 0;
		};
		F4BC59864DC3520245026C9C /* [CP] Check Pods Manifest.lock */ = {
			isa = PBXShellScriptBuildPhase;
			buildActionMask = 2147483647;
			files = (
			);
			inputFileListPaths = (
			);
			inputPaths = (
				"${PODS_PODFILE_DIR_PATH}/Podfile.lock",
				"${PODS_ROOT}/Manifest.lock",
			);
			name = "[CP] Check Pods Manifest.lock";
			outputFileListPaths = (
			);
			outputPaths = (
				"$(DERIVED_FILE_DIR)/Pods-FlurrySwiftTest-checkManifestLockResult.txt",
			);
			runOnlyForDeploymentPostprocessing = 0;
			shellPath = /bin/sh;
			shellScript = "diff \"${PODS_PODFILE_DIR_PATH}/Podfile.lock\" \"${PODS_ROOT}/Manifest.lock\" > /dev/null\nif [ $? != 0 ] ; then\n    # print error to STDERR\n    echo \"error: The sandbox is not in sync with the Podfile.lock. Run 'pod install' or update your CocoaPods installation.\" >&2\n    exit 1\nfi\n# This output is used by Xcode 'outputs' to avoid re-running this script phase.\necho \"SUCCESS\" > \"${SCRIPT_OUTPUT_FILE_0}\"\n";
			showEnvVarsInLog = 0;
		};
/* End PBXShellScriptBuildPhase section */

/* Begin PBXSourcesBuildPhase section */
		BC051D14232AE65C00FA3FDB /* Sources */ = {
			isa = PBXSourcesBuildPhase;
			buildActionMask = 2147483647;
			files = (
				BC051D20232AE65C00FA3FDB /* ViewController.swift in Sources */,
				BC051D1C232AE65C00FA3FDB /* AppDelegate.swift in Sources */,
				BC051D1E232AE65C00FA3FDB /* SceneDelegate.swift in Sources */,
			);
			runOnlyForDeploymentPostprocessing = 0;
		};
/* End PBXSourcesBuildPhase section */

/* Begin PBXVariantGroup section */
		BC051D21232AE65C00FA3FDB /* Main.storyboard */ = {
			isa = PBXVariantGroup;
			children = (
				BC051D22232AE65C00FA3FDB /* Base */,
			);
			name = Main.storyboard;
			sourceTree = "<group>";
		};
		BC051D26232AE65E00FA3FDB /* LaunchScreen.storyboard */ = {
			isa = PBXVariantGroup;
			children = (
				BC051D27232AE65E00FA3FDB /* Base */,
			);
			name = LaunchScreen.storyboard;
			sourceTree = "<group>";
		};
/* End PBXVariantGroup section */

/* Begin XCBuildConfiguration section */
		BC051D2A232AE65E00FA3FDB /* Debug */ = {
			isa = XCBuildConfiguration;
			buildSettings = {
				ALWAYS_SEARCH_USER_PATHS = NO;
				CLANG_ANALYZER_NONNULL = YES;
				CLANG_ANALYZER_NUMBER_OBJECT_CONVERSION = YES_AGGRESSIVE;
				CLANG_CXX_LANGUAGE_STANDARD = "gnu++14";
				CLANG_CXX_LIBRARY = "libc++";
				CLANG_ENABLE_MODULES = YES;
				CLANG_ENABLE_OBJC_ARC = YES;
				CLANG_ENABLE_OBJC_WEAK = YES;
				CLANG_WARN_BLOCK_CAPTURE_AUTORELEASING = YES;
				CLANG_WARN_BOOL_CONVERSION = YES;
				CLANG_WARN_COMMA = YES;
				CLANG_WARN_CONSTANT_CONVERSION = YES;
				CLANG_WARN_DEPRECATED_OBJC_IMPLEMENTATIONS = YES;
				CLANG_WARN_DIRECT_OBJC_ISA_USAGE = YES_ERROR;
				CLANG_WARN_DOCUMENTATION_COMMENTS = YES;
				CLANG_WARN_EMPTY_BODY = YES;
				CLANG_WARN_ENUM_CONVERSION = YES;
				CLANG_WARN_INFINITE_RECURSION = YES;
				CLANG_WARN_INT_CONVERSION = YES;
				CLANG_WARN_NON_LITERAL_NULL_CONVERSION = YES;
				CLANG_WARN_OBJC_IMPLICIT_RETAIN_SELF = YES;
				CLANG_WARN_OBJC_LITERAL_CONVERSION = YES;
				CLANG_WARN_OBJC_ROOT_CLASS = YES_ERROR;
				CLANG_WARN_RANGE_LOOP_ANALYSIS = YES;
				CLANG_WARN_STRICT_PROTOTYPES = YES;
				CLANG_WARN_SUSPICIOUS_MOVE = YES;
				CLANG_WARN_UNGUARDED_AVAILABILITY = YES_AGGRESSIVE;
				CLANG_WARN_UNREACHABLE_CODE = YES;
				CLANG_WARN__DUPLICATE_METHOD_MATCH = YES;
				COPY_PHASE_STRIP = NO;
				DEBUG_INFORMATION_FORMAT = dwarf;
				ENABLE_STRICT_OBJC_MSGSEND = YES;
				ENABLE_TESTABILITY = YES;
				GCC_C_LANGUAGE_STANDARD = gnu11;
				GCC_DYNAMIC_NO_PIC = NO;
				GCC_NO_COMMON_BLOCKS = YES;
				GCC_OPTIMIZATION_LEVEL = 0;
				GCC_PREPROCESSOR_DEFINITIONS = (
					"DEBUG=1",
					"$(inherited)",
				);
				GCC_WARN_64_TO_32_BIT_CONVERSION = YES;
				GCC_WARN_ABOUT_RETURN_TYPE = YES_ERROR;
				GCC_WARN_UNDECLARED_SELECTOR = YES;
				GCC_WARN_UNINITIALIZED_AUTOS = YES_AGGRESSIVE;
				GCC_WARN_UNUSED_FUNCTION = YES;
				GCC_WARN_UNUSED_VARIABLE = YES;
				IPHONEOS_DEPLOYMENT_TARGET = 13.0;
				MTL_ENABLE_DEBUG_INFO = INCLUDE_SOURCE;
				MTL_FAST_MATH = YES;
				ONLY_ACTIVE_ARCH = YES;
				SDKROOT = iphoneos;
				SWIFT_ACTIVE_COMPILATION_CONDITIONS = DEBUG;
				SWIFT_OPTIMIZATION_LEVEL = "-Onone";
			};
			name = Debug;
		};
		BC051D2B232AE65E00FA3FDB /* Release */ = {
			isa = XCBuildConfiguration;
			buildSettings = {
				ALWAYS_SEARCH_USER_PATHS = NO;
				CLANG_ANALYZER_NONNULL = YES;
				CLANG_ANALYZER_NUMBER_OBJECT_CONVERSION = YES_AGGRESSIVE;
				CLANG_CXX_LANGUAGE_STANDARD = "gnu++14";
				CLANG_CXX_LIBRARY = "libc++";
				CLANG_ENABLE_MODULES = YES;
				CLANG_ENABLE_OBJC_ARC = YES;
				CLANG_ENABLE_OBJC_WEAK = YES;
				CLANG_WARN_BLOCK_CAPTURE_AUTORELEASING = YES;
				CLANG_WARN_BOOL_CONVERSION = YES;
				CLANG_WARN_COMMA = YES;
				CLANG_WARN_CONSTANT_CONVERSION = YES;
				CLANG_WARN_DEPRECATED_OBJC_IMPLEMENTATIONS = YES;
				CLANG_WARN_DIRECT_OBJC_ISA_USAGE = YES_ERROR;
				CLANG_WARN_DOCUMENTATION_COMMENTS = YES;
				CLANG_WARN_EMPTY_BODY = YES;
				CLANG_WARN_ENUM_CONVERSION = YES;
				CLANG_WARN_INFINITE_RECURSION = YES;
				CLANG_WARN_INT_CONVERSION = YES;
				CLANG_WARN_NON_LITERAL_NULL_CONVERSION = YES;
				CLANG_WARN_OBJC_IMPLICIT_RETAIN_SELF = YES;
				CLANG_WARN_OBJC_LITERAL_CONVERSION = YES;
				CLANG_WARN_OBJC_ROOT_CLASS = YES_ERROR;
				CLANG_WARN_RANGE_LOOP_ANALYSIS = YES;
				CLANG_WARN_STRICT_PROTOTYPES = YES;
				CLANG_WARN_SUSPICIOUS_MOVE = YES;
				CLANG_WARN_UNGUARDED_AVAILABILITY = YES_AGGRESSIVE;
				CLANG_WARN_UNREACHABLE_CODE = YES;
				CLANG_WARN__DUPLICATE_METHOD_MATCH = YES;
				COPY_PHASE_STRIP = NO;
				DEBUG_INFORMATION_FORMAT = "dwarf-with-dsym";
				ENABLE_NS_ASSERTIONS = NO;
				ENABLE_STRICT_OBJC_MSGSEND = YES;
				GCC_C_LANGUAGE_STANDARD = gnu11;
				GCC_NO_COMMON_BLOCKS = YES;
				GCC_WARN_64_TO_32_BIT_CONVERSION = YES;
				GCC_WARN_ABOUT_RETURN_TYPE = YES_ERROR;
				GCC_WARN_UNDECLARED_SELECTOR = YES;
				GCC_WARN_UNINITIALIZED_AUTOS = YES_AGGRESSIVE;
				GCC_WARN_UNUSED_FUNCTION = YES;
				GCC_WARN_UNUSED_VARIABLE = YES;
				IPHONEOS_DEPLOYMENT_TARGET = 13.0;
				MTL_ENABLE_DEBUG_INFO = NO;
				MTL_FAST_MATH = YES;
				SDKROOT = iphoneos;
				SWIFT_COMPILATION_MODE = wholemodule;
				SWIFT_OPTIMIZATION_LEVEL = "-O";
				VALIDATE_PRODUCT = YES;
			};
			name = Release;
		};
		BC051D2D232AE65E00FA3FDB /* Debug */ = {
			isa = XCBuildConfiguration;
			baseConfigurationReference = 33ADD7E5E5C226C71AEAF86D /* Pods-FlurrySwiftTest.debug.xcconfig */;
			buildSettings = {
				ASSETCATALOG_COMPILER_APPICON_NAME = AppIcon;
				CODE_SIGN_STYLE = Automatic;
				INFOPLIST_FILE = FlurrySwiftTest/Info.plist;
				LD_RUNPATH_SEARCH_PATHS = (
					"$(inherited)",
					"@executable_path/Frameworks",
				);
				PRODUCT_BUNDLE_IDENTIFIER = com.flurry.FlurrySwiftTest;
				PRODUCT_NAME = "$(TARGET_NAME)";
				SWIFT_VERSION = 5.0;
				TARGETED_DEVICE_FAMILY = "1,2";
			};
			name = Debug;
		};
		BC051D2E232AE65E00FA3FDB /* Release */ = {
			isa = XCBuildConfiguration;
			baseConfigurationReference = F6ED3E42399C3DF73B63FA96 /* Pods-FlurrySwiftTest.release.xcconfig */;
			buildSettings = {
				ASSETCATALOG_COMPILER_APPICON_NAME = AppIcon;
				CODE_SIGN_STYLE = Automatic;
				INFOPLIST_FILE = FlurrySwiftTest/Info.plist;
				LD_RUNPATH_SEARCH_PATHS = (
					"$(inherited)",
					"@executable_path/Frameworks",
				);
				PRODUCT_BUNDLE_IDENTIFIER = com.flurry.FlurrySwiftTest;
				PRODUCT_NAME = "$(TARGET_NAME)";
				SWIFT_VERSION = 5.0;
				TARGETED_DEVICE_FAMILY = "1,2";
			};
			name = Release;
		};
/* End XCBuildConfiguration section */

/* Begin XCConfigurationList section */
		BC051D13232AE65C00FA3FDB /* Build configuration list for PBXProject "FlurrySwiftTest" */ = {
			isa = XCConfigurationList;
			buildConfigurations = (
				BC051D2A232AE65E00FA3FDB /* Debug */,
				BC051D2B232AE65E00FA3FDB /* Release */,
			);
			defaultConfigurationIsVisible = 0;
			defaultConfigurationName = Release;
		};
		BC051D2C232AE65E00FA3FDB /* Build configuration list for PBXNativeTarget "FlurrySwiftTest" */ = {
			isa = XCConfigurationList;
			buildConfigurations = (
				BC051D2D232AE65E00FA3FDB /* Debug */,
				BC051D2E232AE65E00FA3FDB /* Release */,
			);
			defaultConfigurationIsVisible = 0;
			defaultConfigurationName = Release;
		};
/* End XCConfigurationList section */
	};
	rootObject = BC051D10232AE65C00FA3FDB /* Project object */;
}
